// !$*UTF8*$!
{
	archiveVersion = 1;
	classes = {
	};
	objectVersion = 48;
	objects = {

/* Begin PBXBuildFile section */
		95037FDC1FFB00FA0047B771 /* AppDelegate.swift in Sources */ = {isa = PBXBuildFile; fileRef = 95037FDB1FFB00FA0047B771 /* AppDelegate.swift */; };
		95037FDE1FFB00FA0047B771 /* Shaders.metal in Sources */ = {isa = PBXBuildFile; fileRef = 95037FDD1FFB00FA0047B771 /* Shaders.metal */; };
		95037FE11FFB00FA0047B771 /* Renderer.swift in Sources */ = {isa = PBXBuildFile; fileRef = 95037FE01FFB00FA0047B771 /* Renderer.swift */; };
		95037FE31FFB00FA0047B771 /* ViewController.swift in Sources */ = {isa = PBXBuildFile; fileRef = 95037FE21FFB00FA0047B771 /* ViewController.swift */; };
		95037FE61FFB00FA0047B771 /* Main.storyboard in Resources */ = {isa = PBXBuildFile; fileRef = 95037FE41FFB00FA0047B771 /* Main.storyboard */; };
		95037FE81FFB00FA0047B771 /* Assets.xcassets in Resources */ = {isa = PBXBuildFile; fileRef = 95037FE71FFB00FA0047B771 /* Assets.xcassets */; };
		95037FEB1FFB00FA0047B771 /* LaunchScreen.storyboard in Resources */ = {isa = PBXBuildFile; fileRef = 95037FE91FFB00FA0047B771 /* LaunchScreen.storyboard */; };
		95E00AD71FFC70DB00AAA8FE /* Square.obj in Resources */ = {isa = PBXBuildFile; fileRef = 95E00AD61FFC70DB00AAA8FE /* Square.obj */; };
/* End PBXBuildFile section */

/* Begin PBXFileReference section */
		95037FD81FFB00FA0047B771 /* Backdrop Demo.app */ = {isa = PBXFileReference; explicitFileType = wrapper.application; includeInIndex = 0; path = "Backdrop Demo.app"; sourceTree = BUILT_PRODUCTS_DIR; };
		95037FDB1FFB00FA0047B771 /* AppDelegate.swift */ = {isa = PBXFileReference; lastKnownFileType = sourcecode.swift; path = AppDelegate.swift; sourceTree = "<group>"; };
		95037FDD1FFB00FA0047B771 /* Shaders.metal */ = {isa = PBXFileReference; lastKnownFileType = sourcecode.metal; path = Shaders.metal; sourceTree = "<group>"; };
		95037FDF1FFB00FA0047B771 /* ShaderTypes.h */ = {isa = PBXFileReference; lastKnownFileType = sourcecode.c.h; path = ShaderTypes.h; sourceTree = "<group>"; };
		95037FE01FFB00FA0047B771 /* Renderer.swift */ = {isa = PBXFileReference; lastKnownFileType = sourcecode.swift; path = Renderer.swift; sourceTree = "<group>"; };
		95037FE21FFB00FA0047B771 /* ViewController.swift */ = {isa = PBXFileReference; lastKnownFileType = sourcecode.swift; path = ViewController.swift; sourceTree = "<group>"; };
		95037FE51FFB00FA0047B771 /* Base */ = {isa = PBXFileReference; lastKnownFileType = file.storyboard; name = Base; path = Base.lproj/Main.storyboard; sourceTree = "<group>"; };
		95037FE71FFB00FA0047B771 /* Assets.xcassets */ = {isa = PBXFileReference; lastKnownFileType = folder.assetcatalog; path = Assets.xcassets; sourceTree = "<group>"; };
		95037FEA1FFB00FA0047B771 /* Base */ = {isa = PBXFileReference; lastKnownFileType = file.storyboard; name = Base; path = Base.lproj/LaunchScreen.storyboard; sourceTree = "<group>"; };
		95037FEC1FFB00FA0047B771 /* Info.plist */ = {isa = PBXFileReference; lastKnownFileType = text.plist.xml; path = Info.plist; sourceTree = "<group>"; };
		95037FED1FFB00FA0047B771 /* Backdrop_Demo-Bridging-Header.h */ = {isa = PBXFileReference; lastKnownFileType = sourcecode.c.h; path = "Backdrop_Demo-Bridging-Header.h"; sourceTree = "<group>"; };
		95E00AA21FFBFF6300AAA8FE /* Metal.framework */ = {isa = PBXFileReference; lastKnownFileType = wrapper.framework; name = Metal.framework; path = System/Library/Frameworks/Metal.framework; sourceTree = SDKROOT; };
		95E00AA41FFBFF6900AAA8FE /* MetalKit.framework */ = {isa = PBXFileReference; lastKnownFileType = wrapper.framework; name = MetalKit.framework; path = System/Library/Frameworks/MetalKit.framework; sourceTree = SDKROOT; };
		95E00AA61FFBFF7300AAA8FE /* MetalPerformanceShaders.framework */ = {isa = PBXFileReference; lastKnownFileType = wrapper.framework; name = MetalPerformanceShaders.framework; path = System/Library/Frameworks/MetalPerformanceShaders.framework; sourceTree = SDKROOT; };
		95E00AD61FFC70DB00AAA8FE /* Square.obj */ = {isa = PBXFileReference; fileEncoding = 4; lastKnownFileType = text; path = Square.obj; sourceTree = "<group>"; };
/* End PBXFileReference section */

/* Begin PBXFrameworksBuildPhase section */
		95037FD51FFB00FA0047B771 /* Frameworks */ = {
			isa = PBXFrameworksBuildPhase;
			buildActionMask = 2147483647;
			files = (
			);
			runOnlyForDeploymentPostprocessing = 0;
		};
/* End PBXFrameworksBuildPhase section */

/* Begin PBXGroup section */
		95037FCF1FFB00FA0047B771 = {
			isa = PBXGroup;
			children = (
				95037FDA1FFB00FA0047B771 /* Backdrop Demo */,
				95037FD91FFB00FA0047B771 /* Products */,
				95E00AA11FFBFF6300AAA8FE /* Frameworks */,
			);
			sourceTree = "<group>";
		};
		95037FD91FFB00FA0047B771 /* Products */ = {
			isa = PBXGroup;
			children = (
				95037FD81FFB00FA0047B771 /* Backdrop Demo.app */,
			);
			name = Products;
			sourceTree = "<group>";
		};
		95037FDA1FFB00FA0047B771 /* Backdrop Demo */ = {
			isa = PBXGroup;
			children = (
				95037FDB1FFB00FA0047B771 /* AppDelegate.swift */,
				95037FDD1FFB00FA0047B771 /* Shaders.metal */,
				95037FDF1FFB00FA0047B771 /* ShaderTypes.h */,
				95E00AD61FFC70DB00AAA8FE /* Square.obj */,
				95037FE01FFB00FA0047B771 /* Renderer.swift */,
				95037FE21FFB00FA0047B771 /* ViewController.swift */,
				95037FE41FFB00FA0047B771 /* Main.storyboard */,
				95037FE71FFB00FA0047B771 /* Assets.xcassets */,
				95037FE91FFB00FA0047B771 /* LaunchScreen.storyboard */,
				95037FEC1FFB00FA0047B771 /* Info.plist */,
				95037FED1FFB00FA0047B771 /* Backdrop_Demo-Bridging-Header.h */,
			);
			path = "Backdrop Demo";
			sourceTree = "<group>";
		};
		95E00AA11FFBFF6300AAA8FE /* Frameworks */ = {
			isa = PBXGroup;
			children = (
				95E00AA61FFBFF7300AAA8FE /* MetalPerformanceShaders.framework */,
				95E00AA41FFBFF6900AAA8FE /* MetalKit.framework */,
				95E00AA21FFBFF6300AAA8FE /* Metal.framework */,
			);
			name = Frameworks;
			sourceTree = "<group>";
		};
/* End PBXGroup section */

/* Begin PBXNativeTarget section */
		95037FD71FFB00FA0047B771 /* Backdrop Demo */ = {
			isa = PBXNativeTarget;
			buildConfigurationList = 95037FF01FFB00FA0047B771 /* Build configuration list for PBXNativeTarget "Backdrop Demo" */;
			buildPhases = (
				95037FD41FFB00FA0047B771 /* Sources */,
				95037FD51FFB00FA0047B771 /* Frameworks */,
				95037FD61FFB00FA0047B771 /* Resources */,
			);
			buildRules = (
			);
			dependencies = (
			);
			name = "Backdrop Demo";
			productName = "Backdrop Demo";
			productReference = 95037FD81FFB00FA0047B771 /* Backdrop Demo.app */;
			productType = "com.apple.product-type.application";
		};
/* End PBXNativeTarget section */

/* Begin PBXProject section */
		95037FD01FFB00FA0047B771 /* Project object */ = {
			isa = PBXProject;
			attributes = {
				LastSwiftUpdateCheck = 0920;
				LastUpgradeCheck = 0920;
				ORGANIZATIONNAME = "Gabe Montague";
				TargetAttributes = {
					95037FD71FFB00FA0047B771 = {
						CreatedOnToolsVersion = 9.2;
						ProvisioningStyle = Automatic;
					};
				};
			};
			buildConfigurationList = 95037FD31FFB00FA0047B771 /* Build configuration list for PBXProject "Backdrop Demo" */;
			compatibilityVersion = "Xcode 8.0";
			developmentRegion = en;
			hasScannedForEncodings = 0;
			knownRegions = (
				en,
				Base,
			);
			mainGroup = 95037FCF1FFB00FA0047B771;
			productRefGroup = 95037FD91FFB00FA0047B771 /* Products */;
			projectDirPath = "";
			projectRoot = "";
			targets = (
				95037FD71FFB00FA0047B771 /* Backdrop Demo */,
			);
		};
/* End PBXProject section */

/* Begin PBXResourcesBuildPhase section */
		95037FD61FFB00FA0047B771 /* Resources */ = {
			isa = PBXResourcesBuildPhase;
			buildActionMask = 2147483647;
			files = (
				95037FEB1FFB00FA0047B771 /* LaunchScreen.storyboard in Resources */,
				95E00AD71FFC70DB00AAA8FE /* Square.obj in Resources */,
				95037FE81FFB00FA0047B771 /* Assets.xcassets in Resources */,
				95037FE61FFB00FA0047B771 /* Main.storyboard in Resources */,
			);
			runOnlyForDeploymentPostprocessing = 0;
		};
/* End PBXResourcesBuildPhase section */

/* Begin PBXSourcesBuildPhase section */
		95037FD41FFB00FA0047B771 /* Sources */ = {
			isa = PBXSourcesBuildPhase;
			buildActionMask = 2147483647;
			files = (
				95037FDE1FFB00FA0047B771 /* Shaders.metal in Sources */,
				95037FE11FFB00FA0047B771 /* Renderer.swift in Sources */,
				95037FE31FFB00FA0047B771 /* ViewController.swift in Sources */,
				95037FDC1FFB00FA0047B771 /* AppDelegate.swift in Sources */,
			);
			runOnlyForDeploymentPostprocessing = 0;
		};
/* End PBXSourcesBuildPhase section */

/* Begin PBXVariantGroup section */
		95037FE41FFB00FA0047B771 /* Main.storyboard */ = {
			isa = PBXVariantGroup;
			children = (
				95037FE51FFB00FA0047B771 /* Base */,
			);
			name = Main.storyboard;
			sourceTree = "<group>";
		};
		95037FE91FFB00FA0047B771 /* LaunchScreen.storyboard */ = {
			isa = PBXVariantGroup;
			children = (
				95037FEA1FFB00FA0047B771 /* Base */,
			);
			name = LaunchScreen.storyboard;
			sourceTree = "<group>";
		};
/* End PBXVariantGroup section */

/* Begin XCBuildConfiguration section */
		95037FEE1FFB00FA0047B771 /* Debug */ = {
			isa = XCBuildConfiguration;
			buildSettings = {
				ALWAYS_SEARCH_USER_PATHS = NO;
				CLANG_ANALYZER_NONNULL = YES;
				CLANG_ANALYZER_NUMBER_OBJECT_CONVERSION = YES_AGGRESSIVE;
				CLANG_CXX_LANGUAGE_STANDARD = "gnu++14";
				CLANG_CXX_LIBRARY = "libc++";
				CLANG_ENABLE_MODULES = YES;
				CLANG_ENABLE_OBJC_ARC = YES;
				CLANG_WARN_BLOCK_CAPTURE_AUTORELEASING = YES;
				CLANG_WARN_BOOL_CONVERSION = YES;
				CLANG_WARN_COMMA = YES;
				CLANG_WARN_CONSTANT_CONVERSION = YES;
				CLANG_WARN_DIRECT_OBJC_ISA_USAGE = YES_ERROR;
				CLANG_WARN_DOCUMENTATION_COMMENTS = YES;
				CLANG_WARN_EMPTY_BODY = YES;
				CLANG_WARN_ENUM_CONVERSION = YES;
				CLANG_WARN_INFINITE_RECURSION = YES;
				CLANG_WARN_INT_CONVERSION = YES;
				CLANG_WARN_NON_LITERAL_NULL_CONVERSION = YES;
				CLANG_WARN_OBJC_LITERAL_CONVERSION = YES;
				CLANG_WARN_OBJC_ROOT_CLASS = YES_ERROR;
				CLANG_WARN_RANGE_LOOP_ANALYSIS = YES;
				CLANG_WARN_STRICT_PROTOTYPES = YES;
				CLANG_WARN_SUSPICIOUS_MOVE = YES;
				CLANG_WARN_UNGUARDED_AVAILABILITY = YES_AGGRESSIVE;
				CLANG_WARN_UNREACHABLE_CODE = YES;
				CLANG_WARN__DUPLICATE_METHOD_MATCH = YES;
				CODE_SIGN_IDENTITY = "iPhone Developer";
				COPY_PHASE_STRIP = NO;
				DEBUG_INFORMATION_FORMAT = dwarf;
				ENABLE_STRICT_OBJC_MSGSEND = YES;
				ENABLE_TESTABILITY = YES;
				GCC_C_LANGUAGE_STANDARD = gnu11;
				GCC_DYNAMIC_NO_PIC = NO;
				GCC_NO_COMMON_BLOCKS = YES;
				GCC_OPTIMIZATION_LEVEL = 0;
				GCC_PREPROCESSOR_DEFINITIONS = (
					"DEBUG=1",
					"$(inherited)",
				);
				GCC_WARN_64_TO_32_BIT_CONVERSION = YES;
				GCC_WARN_ABOUT_RETURN_TYPE = YES_ERROR;
				GCC_WARN_UNDECLARED_SELECTOR = YES;
				GCC_WARN_UNINITIALIZED_AUTOS = YES_AGGRESSIVE;
				GCC_WARN_UNUSED_FUNCTION = YES;
				GCC_WARN_UNUSED_VARIABLE = YES;
				IPHONEOS_DEPLOYMENT_TARGET = 11.2;
				MTL_ENABLE_DEBUG_INFO = YES;
				ONLY_ACTIVE_ARCH = YES;
				SDKROOT = iphoneos;
				SWIFT_ACTIVE_COMPILATION_CONDITIONS = DEBUG;
				SWIFT_OPTIMIZATION_LEVEL = "-Onone";
			};
			name = Debug;
		};
		95037FEF1FFB00FA0047B771 /* Release */ = {
			isa = XCBuildConfiguration;
			buildSettings = {
				ALWAYS_SEARCH_USER_PATHS = NO;
				CLANG_ANALYZER_NONNULL = YES;
				CLANG_ANALYZER_NUMBER_OBJECT_CONVERSION = YES_AGGRESSIVE;
				CLANG_CXX_LANGUAGE_STANDARD = "gnu++14";
				CLANG_CXX_LIBRARY = "libc++";
				CLANG_ENABLE_MODULES = YES;
				CLANG_ENABLE_OBJC_ARC = YES;
				CLANG_WARN_BLOCK_CAPTURE_AUTORELEASING = YES;
				CLANG_WARN_BOOL_CONVERSION = YES;
				CLANG_WARN_COMMA = YES;
				CLANG_WARN_CONSTANT_CONVERSION = YES;
				CLANG_WARN_DIRECT_OBJC_ISA_USAGE = YES_ERROR;
				CLANG_WARN_DOCUMENTATION_COMMENTS = YES;
				CLANG_WARN_EMPTY_BODY = YES;
				CLANG_WARN_ENUM_CONVERSION = YES;
				CLANG_WARN_INFINITE_RECURSION = YES;
				CLANG_WARN_INT_CONVERSION = YES;
				CLANG_WARN_NON_LITERAL_NULL_CONVERSION = YES;
				CLANG_WARN_OBJC_LITERAL_CONVERSION = YES;
				CLANG_WARN_OBJC_ROOT_CLASS = YES_ERROR;
				CLANG_WARN_RANGE_LOOP_ANALYSIS = YES;
				CLANG_WARN_STRICT_PROTOTYPES = YES;
				CLANG_WARN_SUSPICIOUS_MOVE = YES;
				CLANG_WARN_UNGUARDED_AVAILABILITY = YES_AGGRESSIVE;
				CLANG_WARN_UNREACHABLE_CODE = YES;
				CLANG_WARN__DUPLICATE_METHOD_MATCH = YES;
				CODE_SIGN_IDENTITY = "iPhone Developer";
				COPY_PHASE_STRIP = NO;
				DEBUG_INFORMATION_FORMAT = "dwarf-with-dsym";
				ENABLE_NS_ASSERTIONS = NO;
				ENABLE_STRICT_OBJC_MSGSEND = YES;
				GCC_C_LANGUAGE_STANDARD = gnu11;
				GCC_NO_COMMON_BLOCKS = YES;
				GCC_WARN_64_TO_32_BIT_CONVERSION = YES;
				GCC_WARN_ABOUT_RETURN_TYPE = YES_ERROR;
				GCC_WARN_UNDECLARED_SELECTOR = YES;
				GCC_WARN_UNINITIALIZED_AUTOS = YES_AGGRESSIVE;
				GCC_WARN_UNUSED_FUNCTION = YES;
				GCC_WARN_UNUSED_VARIABLE = YES;
				IPHONEOS_DEPLOYMENT_TARGET = 11.2;
				MTL_ENABLE_DEBUG_INFO = NO;
				SDKROOT = iphoneos;
				SWIFT_OPTIMIZATION_LEVEL = "-Owholemodule";
				VALIDATE_PRODUCT = YES;
			};
			name = Release;
		};
		95037FF11FFB00FA0047B771 /* Debug */ = {
			isa = XCBuildConfiguration;
			buildSettings = {
				ASSETCATALOG_COMPILER_APPICON_NAME = AppIcon;
				CODE_SIGN_STYLE = Automatic;
				DEVELOPMENT_TEAM = "";
				INFOPLIST_FILE = "Backdrop Demo/Info.plist";
				LD_RUNPATH_SEARCH_PATHS = "$(inherited) @executable_path/Frameworks";
				PRODUCT_BUNDLE_IDENTIFIER = "com.Montague.Backdrop-Demo";
				PRODUCT_NAME = "$(TARGET_NAME)";
				SWIFT_OBJC_BRIDGING_HEADER = "Backdrop Demo/Backdrop_Demo-Bridging-Header.h";
				SWIFT_VERSION = 4.0;
				TARGETED_DEVICE_FAMILY = "1,2";
			};
			name = Debug;
		};
		95037FF21FFB00FA0047B771 /* Release */ = {
			isa = XCBuildConfiguration;
			buildSettings = {
				ASSETCATALOG_COMPILER_APPICON_NAME = AppIcon;
				CODE_SIGN_STYLE = Automatic;
				DEVELOPMENT_TEAM = "";
				INFOPLIST_FILE = "Backdrop Demo/Info.plist";
				LD_RUNPATH_SEARCH_PATHS = "$(inherited) @executable_path/Frameworks";
				PRODUCT_BUNDLE_IDENTIFIER = "com.Montague.Backdrop-Demo";
				PRODUCT_NAME = "$(TARGET_NAME)";
				SWIFT_OBJC_BRIDGING_HEADER = "Backdrop Demo/Backdrop_Demo-Bridging-Header.h";
				SWIFT_VERSION = 4.0;
				TARGETED_DEVICE_FAMILY = "1,2";
			};
			name = Release;
		};
/* End XCBuildConfiguration section */

/* Begin XCConfigurationList section */
		95037FD31FFB00FA0047B771 /* Build configuration list for PBXProject "Backdrop Demo" */ = {
			isa = XCConfigurationList;
			buildConfigurations = (
				95037FEE1FFB00FA0047B771 /* Debug */,
				95037FEF1FFB00FA0047B771 /* Release */,
			);
			defaultConfigurationIsVisible = 0;
			defaultConfigurationName = Release;
		};
		95037FF01FFB00FA0047B771 /* Build configuration list for PBXNativeTarget "Backdrop Demo" */ = {
			isa = XCConfigurationList;
			buildConfigurations = (
				95037FF11FFB00FA0047B771 /* Debug */,
				95037FF21FFB00FA0047B771 /* Release */,
			);
			defaultConfigurationIsVisible = 0;
			defaultConfigurationName = Release;
		};
/* End XCConfigurationList section */
	};
	rootObject = 95037FD01FFB00FA0047B771 /* Project object */;
}
